# This file is automatically @generated by Poetry 1.8.3 and should not be changed by hand.

[[package]]
name = "nats-py"
version = "2.9.0"
description = "NATS client for Python"
optional = false
python-versions = ">=3.7"
files = [
    {file = "nats_py-2.9.0.tar.gz", hash = "sha256:01886eb9e0a87f0ec630652cf1fae65d2a8556378a609bc6cc07d2ea60c8d0dd"},
]

[package.extras]
aiohttp = ["aiohttp"]
fast-parse = ["fast-mail-parser"]
nkeys = ["nkeys"]

[metadata]
lock-version = "2.0"
python-versions = "^3.12"
content-hash = "43d9ac3ee9750819b6a91bcef9361273d75612715ab13ed1d197c8e93c237aef"
